
Microsoft Visual Studio Solution File, Format Version 12.00
# Visual Studio Version 17
VisualStudioVersion = 17.6.33829.357
MinimumVisualStudioVersion = 10.0.40219.1
Project("{9A19103F-16F7-4668-BE54-9A1E7A4F7556}") = "dotnet-WebApplicationFactory", "dotnet-WebApplicationFactory.csproj", "{294A3E49-0259-48DE-8145-7695EFCD49B0}"
EndProject
Global
	GlobalSection(SolutionConfigurationPlatforms) = preSolution
		Debug|Any CPU = Debug|Any CPU
		Release|Any CPU = Release|Any CPU
	EndGlobalSection
	GlobalSection(ProjectConfigurationPlatforms) = postSolution
		{294A3E49-0259-48DE-8145-7695EFCD49B0}.Debug|Any CPU.ActiveCfg = Debug|Any CPU
		{294A3E49-0259-48DE-8145-7695EFCD49B0}.Debug|Any CPU.Build.0 = Debug|Any CPU
		{294A3E49-0259-48DE-8145-7695EFCD49B0}.Release|Any CPU.ActiveCfg = Release|Any CPU
		{294A3E49-0259-48DE-8145-7695EFCD49B0}.Release|Any CPU.Build.0 = Release|Any CPU
	EndGlobalSection
	GlobalSection(SolutionProperties) = preSolution
		HideSolutionNode = FALSE
	EndGlobalSection
	GlobalSection(ExtensibilityGlobals) = postSolution
		SolutionGuid = {DA4615CE-BB87-4CFF-8541-2640551362F0}
	EndGlobalSection
EndGlobal
